// !$*UTF8*$!
{
	archiveVersion = 1;
	classes = {
	};
	objectVersion = 50;
	objects = {

/* Begin PBXBuildFile section */
		34B99ABC951B29E02AA11DFA /* Pods_wikiGame.framework in Frameworks */ = {isa = PBXBuildFile; fileRef = C59F63D2E35393F7E7B8C394 /* Pods_wikiGame.framework */; };
		D40A85E98C299E4C9A857E92 /* Pods_wikiGameTests.framework in Frameworks */ = {isa = PBXBuildFile; fileRef = 592C3AA3C5047C6CF5FFFF69 /* Pods_wikiGameTests.framework */; };
		DEB9A8F2AB4792A97A86523B /* Pods_wikiGameUITests.framework in Frameworks */ = {isa = PBXBuildFile; fileRef = 0C52E24145D43FB8DDC7BF78 /* Pods_wikiGameUITests.framework */; };
		FC1E8D0B20FF856100640AB1 /* AppDelegate.swift in Sources */ = {isa = PBXBuildFile; fileRef = FC1E8D0A20FF856100640AB1 /* AppDelegate.swift */; };
		FC1E8D0D20FF856100640AB1 /* ViewController.swift in Sources */ = {isa = PBXBuildFile; fileRef = FC1E8D0C20FF856100640AB1 /* ViewController.swift */; };
		FC1E8D1020FF856100640AB1 /* Main.storyboard in Resources */ = {isa = PBXBuildFile; fileRef = FC1E8D0E20FF856100640AB1 /* Main.storyboard */; };
		FC1E8D1220FF856200640AB1 /* Assets.xcassets in Resources */ = {isa = PBXBuildFile; fileRef = FC1E8D1120FF856200640AB1 /* Assets.xcassets */; };
		FC1E8D1520FF856200640AB1 /* LaunchScreen.storyboard in Resources */ = {isa = PBXBuildFile; fileRef = FC1E8D1320FF856200640AB1 /* LaunchScreen.storyboard */; };
		FC1E8D2020FF856200640AB1 /* wikiGameTests.swift in Sources */ = {isa = PBXBuildFile; fileRef = FC1E8D1F20FF856200640AB1 /* wikiGameTests.swift */; };
		FC1E8D2B20FF856200640AB1 /* wikiGameUITests.swift in Sources */ = {isa = PBXBuildFile; fileRef = FC1E8D2A20FF856200640AB1 /* wikiGameUITests.swift */; };
		FC1E8D4A20FF87E000640AB1 /* WikipediaKit.framework in Frameworks */ = {isa = PBXBuildFile; fileRef = FC1E8D4320FF86DE00640AB1 /* WikipediaKit.framework */; };
		FC1F87742102542C007739C4 /* Constants.swift in Sources */ = {isa = PBXBuildFile; fileRef = FC1F87732102542C007739C4 /* Constants.swift */; };
/* End PBXBuildFile section */

/* Begin PBXContainerItemProxy section */
		FC1E8D1C20FF856200640AB1 /* PBXContainerItemProxy */ = {
			isa = PBXContainerItemProxy;
			containerPortal = FC1E8CFF20FF856100640AB1 /* Project object */;
			proxyType = 1;
			remoteGlobalIDString = FC1E8D0620FF856100640AB1;
			remoteInfo = wikiGame;
		};
		FC1E8D2720FF856200640AB1 /* PBXContainerItemProxy */ = {
			isa = PBXContainerItemProxy;
			containerPortal = FC1E8CFF20FF856100640AB1 /* Project object */;
			proxyType = 1;
			remoteGlobalIDString = FC1E8D0620FF856100640AB1;
			remoteInfo = wikiGame;
		};
		FC1E8D4220FF86DE00640AB1 /* PBXContainerItemProxy */ = {
			isa = PBXContainerItemProxy;
			containerPortal = FC1E8D3820FF86DE00640AB1 /* WikipediaKit.xcodeproj */;
			proxyType = 2;
			remoteGlobalIDString = 27E365471E81AC6A00F39F78;
			remoteInfo = "WikipediaKit-iOS";
		};
		FC1E8D4820FF86DE00640AB1 /* PBXContainerItemProxy */ = {
			isa = PBXContainerItemProxy;
			containerPortal = FC1E8D3820FF86DE00640AB1 /* WikipediaKit.xcodeproj */;
			proxyType = 2;
			remoteGlobalIDString = 274EFCDD1EB899E90047428B;
			remoteInfo = WikipediaKitTests;
		};
/* End PBXContainerItemProxy section */

/* Begin PBXFileReference section */
		08FF0C916A1C37BFFCAC6DAA /* Pods-wikiGameTests.release.xcconfig */ = {isa = PBXFileReference; includeInIndex = 1; lastKnownFileType = text.xcconfig; name = "Pods-wikiGameTests.release.xcconfig"; path = "Pods/Target Support Files/Pods-wikiGameTests/Pods-wikiGameTests.release.xcconfig"; sourceTree = "<group>"; };
		0C35E1D50F53FE52CDFE3075 /* Pods-wikiGameTests.debug.xcconfig */ = {isa = PBXFileReference; includeInIndex = 1; lastKnownFileType = text.xcconfig; name = "Pods-wikiGameTests.debug.xcconfig"; path = "Pods/Target Support Files/Pods-wikiGameTests/Pods-wikiGameTests.debug.xcconfig"; sourceTree = "<group>"; };
		0C52E24145D43FB8DDC7BF78 /* Pods_wikiGameUITests.framework */ = {isa = PBXFileReference; explicitFileType = wrapper.framework; includeInIndex = 0; path = Pods_wikiGameUITests.framework; sourceTree = BUILT_PRODUCTS_DIR; };
		592C3AA3C5047C6CF5FFFF69 /* Pods_wikiGameTests.framework */ = {isa = PBXFileReference; explicitFileType = wrapper.framework; includeInIndex = 0; path = Pods_wikiGameTests.framework; sourceTree = BUILT_PRODUCTS_DIR; };
		5BA7694F20FABA9AF38D3269 /* Pods-wikiGame.release.xcconfig */ = {isa = PBXFileReference; includeInIndex = 1; lastKnownFileType = text.xcconfig; name = "Pods-wikiGame.release.xcconfig"; path = "Pods/Target Support Files/Pods-wikiGame/Pods-wikiGame.release.xcconfig"; sourceTree = "<group>"; };
		6E1E22737026F79F08319084 /* Pods-wikiGame.debug.xcconfig */ = {isa = PBXFileReference; includeInIndex = 1; lastKnownFileType = text.xcconfig; name = "Pods-wikiGame.debug.xcconfig"; path = "Pods/Target Support Files/Pods-wikiGame/Pods-wikiGame.debug.xcconfig"; sourceTree = "<group>"; };
		C59F63D2E35393F7E7B8C394 /* Pods_wikiGame.framework */ = {isa = PBXFileReference; explicitFileType = wrapper.framework; includeInIndex = 0; path = Pods_wikiGame.framework; sourceTree = BUILT_PRODUCTS_DIR; };
		D325682B821FAB4B50B02F21 /* Pods-wikiGameUITests.release.xcconfig */ = {isa = PBXFileReference; includeInIndex = 1; lastKnownFileType = text.xcconfig; name = "Pods-wikiGameUITests.release.xcconfig"; path = "Pods/Target Support Files/Pods-wikiGameUITests/Pods-wikiGameUITests.release.xcconfig"; sourceTree = "<group>"; };
		E58EE92C276AA6A315AFA2FE /* Pods-wikiGameUITests.debug.xcconfig */ = {isa = PBXFileReference; includeInIndex = 1; lastKnownFileType = text.xcconfig; name = "Pods-wikiGameUITests.debug.xcconfig"; path = "Pods/Target Support Files/Pods-wikiGameUITests/Pods-wikiGameUITests.debug.xcconfig"; sourceTree = "<group>"; };
		FC1E8D0720FF856100640AB1 /* wikiGame.app */ = {isa = PBXFileReference; explicitFileType = wrapper.application; includeInIndex = 0; path = wikiGame.app; sourceTree = BUILT_PRODUCTS_DIR; };
		FC1E8D0A20FF856100640AB1 /* AppDelegate.swift */ = {isa = PBXFileReference; lastKnownFileType = sourcecode.swift; path = AppDelegate.swift; sourceTree = "<group>"; };
		FC1E8D0C20FF856100640AB1 /* ViewController.swift */ = {isa = PBXFileReference; lastKnownFileType = sourcecode.swift; path = ViewController.swift; sourceTree = "<group>"; };
		FC1E8D0F20FF856100640AB1 /* Base */ = {isa = PBXFileReference; lastKnownFileType = file.storyboard; name = Base; path = Base.lproj/Main.storyboard; sourceTree = "<group>"; };
		FC1E8D1120FF856200640AB1 /* Assets.xcassets */ = {isa = PBXFileReference; lastKnownFileType = folder.assetcatalog; path = Assets.xcassets; sourceTree = "<group>"; };
		FC1E8D1420FF856200640AB1 /* Base */ = {isa = PBXFileReference; lastKnownFileType = file.storyboard; name = Base; path = Base.lproj/LaunchScreen.storyboard; sourceTree = "<group>"; };
		FC1E8D1620FF856200640AB1 /* Info.plist */ = {isa = PBXFileReference; lastKnownFileType = text.plist.xml; path = Info.plist; sourceTree = "<group>"; };
		FC1E8D1B20FF856200640AB1 /* wikiGameTests.xctest */ = {isa = PBXFileReference; explicitFileType = wrapper.cfbundle; includeInIndex = 0; path = wikiGameTests.xctest; sourceTree = BUILT_PRODUCTS_DIR; };
		FC1E8D1F20FF856200640AB1 /* wikiGameTests.swift */ = {isa = PBXFileReference; lastKnownFileType = sourcecode.swift; path = wikiGameTests.swift; sourceTree = "<group>"; };
		FC1E8D2120FF856200640AB1 /* Info.plist */ = {isa = PBXFileReference; lastKnownFileType = text.plist.xml; path = Info.plist; sourceTree = "<group>"; };
		FC1E8D2620FF856200640AB1 /* wikiGameUITests.xctest */ = {isa = PBXFileReference; explicitFileType = wrapper.cfbundle; includeInIndex = 0; path = wikiGameUITests.xctest; sourceTree = BUILT_PRODUCTS_DIR; };
		FC1E8D2A20FF856200640AB1 /* wikiGameUITests.swift */ = {isa = PBXFileReference; lastKnownFileType = sourcecode.swift; path = wikiGameUITests.swift; sourceTree = "<group>"; };
		FC1E8D2C20FF856200640AB1 /* Info.plist */ = {isa = PBXFileReference; lastKnownFileType = text.plist.xml; path = Info.plist; sourceTree = "<group>"; };
		FC1E8D3820FF86DE00640AB1 /* WikipediaKit.xcodeproj */ = {isa = PBXFileReference; lastKnownFileType = "wrapper.pb-project"; name = WikipediaKit.xcodeproj; path = "WikipediaKit-master/WikipediaKit.xcodeproj"; sourceTree = "<group>"; };
		FC1F87732102542C007739C4 /* Constants.swift */ = {isa = PBXFileReference; lastKnownFileType = sourcecode.swift; path = Constants.swift; sourceTree = "<group>"; };
/* End PBXFileReference section */

/* Begin PBXFrameworksBuildPhase section */
		FC1E8D0420FF856100640AB1 /* Frameworks */ = {
			isa = PBXFrameworksBuildPhase;
			buildActionMask = 2147483647;
			files = (
				FC1E8D4A20FF87E000640AB1 /* WikipediaKit.framework in Frameworks */,
				34B99ABC951B29E02AA11DFA /* Pods_wikiGame.framework in Frameworks */,
			);
			runOnlyForDeploymentPostprocessing = 0;
		};
		FC1E8D1820FF856200640AB1 /* Frameworks */ = {
			isa = PBXFrameworksBuildPhase;
			buildActionMask = 2147483647;
			files = (
				D40A85E98C299E4C9A857E92 /* Pods_wikiGameTests.framework in Frameworks */,
			);
			runOnlyForDeploymentPostprocessing = 0;
		};
		FC1E8D2320FF856200640AB1 /* Frameworks */ = {
			isa = PBXFrameworksBuildPhase;
			buildActionMask = 2147483647;
			files = (
				DEB9A8F2AB4792A97A86523B /* Pods_wikiGameUITests.framework in Frameworks */,
			);
			runOnlyForDeploymentPostprocessing = 0;
		};
/* End PBXFrameworksBuildPhase section */

/* Begin PBXGroup section */
		11D0F2A0653CEAC065C3222D /* Pods */ = {
			isa = PBXGroup;
			children = (
				6E1E22737026F79F08319084 /* Pods-wikiGame.debug.xcconfig */,
				5BA7694F20FABA9AF38D3269 /* Pods-wikiGame.release.xcconfig */,
				0C35E1D50F53FE52CDFE3075 /* Pods-wikiGameTests.debug.xcconfig */,
				08FF0C916A1C37BFFCAC6DAA /* Pods-wikiGameTests.release.xcconfig */,
				E58EE92C276AA6A315AFA2FE /* Pods-wikiGameUITests.debug.xcconfig */,
				D325682B821FAB4B50B02F21 /* Pods-wikiGameUITests.release.xcconfig */,
			);
			name = Pods;
			sourceTree = "<group>";
		};
		3FCFDEF4A851FA8AFEE4D072 /* Frameworks */ = {
			isa = PBXGroup;
			children = (
				C59F63D2E35393F7E7B8C394 /* Pods_wikiGame.framework */,
				592C3AA3C5047C6CF5FFFF69 /* Pods_wikiGameTests.framework */,
				0C52E24145D43FB8DDC7BF78 /* Pods_wikiGameUITests.framework */,
			);
			name = Frameworks;
			sourceTree = "<group>";
		};
		FC1E8CFE20FF856100640AB1 = {
			isa = PBXGroup;
			children = (
				FC1E8D3820FF86DE00640AB1 /* WikipediaKit.xcodeproj */,
				FC1E8D0920FF856100640AB1 /* wikiGame */,
				FC1E8D1E20FF856200640AB1 /* wikiGameTests */,
				FC1E8D2920FF856200640AB1 /* wikiGameUITests */,
				FC1E8D0820FF856100640AB1 /* Products */,
				11D0F2A0653CEAC065C3222D /* Pods */,
				3FCFDEF4A851FA8AFEE4D072 /* Frameworks */,
			);
			sourceTree = "<group>";
		};
		FC1E8D0820FF856100640AB1 /* Products */ = {
			isa = PBXGroup;
			children = (
				FC1E8D0720FF856100640AB1 /* wikiGame.app */,
				FC1E8D1B20FF856200640AB1 /* wikiGameTests.xctest */,
				FC1E8D2620FF856200640AB1 /* wikiGameUITests.xctest */,
			);
			name = Products;
			sourceTree = "<group>";
		};
		FC1E8D0920FF856100640AB1 /* wikiGame */ = {
			isa = PBXGroup;
			children = (
				FC1E8D0A20FF856100640AB1 /* AppDelegate.swift */,
				FC1E8D0C20FF856100640AB1 /* ViewController.swift */,
				FC1F87732102542C007739C4 /* Constants.swift */,
				FC1E8D0E20FF856100640AB1 /* Main.storyboard */,
				FC1E8D1120FF856200640AB1 /* Assets.xcassets */,
				FC1E8D1320FF856200640AB1 /* LaunchScreen.storyboard */,
				FC1E8D1620FF856200640AB1 /* Info.plist */,
			);
			path = wikiGame;
			sourceTree = "<group>";
		};
		FC1E8D1E20FF856200640AB1 /* wikiGameTests */ = {
			isa = PBXGroup;
			children = (
				FC1E8D1F20FF856200640AB1 /* wikiGameTests.swift */,
				FC1E8D2120FF856200640AB1 /* Info.plist */,
			);
			path = wikiGameTests;
			sourceTree = "<group>";
		};
		FC1E8D2920FF856200640AB1 /* wikiGameUITests */ = {
			isa = PBXGroup;
			children = (
				FC1E8D2A20FF856200640AB1 /* wikiGameUITests.swift */,
				FC1E8D2C20FF856200640AB1 /* Info.plist */,
			);
			path = wikiGameUITests;
			sourceTree = "<group>";
		};
		FC1E8D3920FF86DE00640AB1 /* Products */ = {
			isa = PBXGroup;
			children = (
				FC1E8D4320FF86DE00640AB1 /* WikipediaKit.framework */,
				FC1E8D4920FF86DE00640AB1 /* WikipediaKitTests.xctest */,
			);
			name = Products;
			sourceTree = "<group>";
		};
/* End PBXGroup section */

/* Begin PBXNativeTarget section */
		FC1E8D0620FF856100640AB1 /* wikiGame */ = {
			isa = PBXNativeTarget;
			buildConfigurationList = FC1E8D2F20FF856200640AB1 /* Build configuration list for PBXNativeTarget "wikiGame" */;
			buildPhases = (
				2059E814A7E61CDC5F5E1917 /* [CP] Check Pods Manifest.lock */,
				FC1E8D0320FF856100640AB1 /* Sources */,
				FC1E8D0420FF856100640AB1 /* Frameworks */,
				FC1E8D0520FF856100640AB1 /* Resources */,
				083AC6624497D0F51B5A9712 /* [CP] Embed Pods Frameworks */,
			);
			buildRules = (
			);
			dependencies = (
			);
			name = wikiGame;
			productName = wikiGame;
			productReference = FC1E8D0720FF856100640AB1 /* wikiGame.app */;
			productType = "com.apple.product-type.application";
		};
		FC1E8D1A20FF856200640AB1 /* wikiGameTests */ = {
			isa = PBXNativeTarget;
			buildConfigurationList = FC1E8D3220FF856200640AB1 /* Build configuration list for PBXNativeTarget "wikiGameTests" */;
			buildPhases = (
				E1A4E68E33533A1A6BCB215F /* [CP] Check Pods Manifest.lock */,
				FC1E8D1720FF856200640AB1 /* Sources */,
				FC1E8D1820FF856200640AB1 /* Frameworks */,
				FC1E8D1920FF856200640AB1 /* Resources */,
			);
			buildRules = (
			);
			dependencies = (
				FC1E8D1D20FF856200640AB1 /* PBXTargetDependency */,
			);
			name = wikiGameTests;
			productName = wikiGameTests;
			productReference = FC1E8D1B20FF856200640AB1 /* wikiGameTests.xctest */;
			productType = "com.apple.product-type.bundle.unit-test";
		};
		FC1E8D2520FF856200640AB1 /* wikiGameUITests */ = {
			isa = PBXNativeTarget;
			buildConfigurationList = FC1E8D3520FF856200640AB1 /* Build configuration list for PBXNativeTarget "wikiGameUITests" */;
			buildPhases = (
				18AB7925E4244245AD2AC1E9 /* [CP] Check Pods Manifest.lock */,
				FC1E8D2220FF856200640AB1 /* Sources */,
				FC1E8D2320FF856200640AB1 /* Frameworks */,
				FC1E8D2420FF856200640AB1 /* Resources */,
			);
			buildRules = (
			);
			dependencies = (
				FC1E8D2820FF856200640AB1 /* PBXTargetDependency */,
			);
			name = wikiGameUITests;
			productName = wikiGameUITests;
			productReference = FC1E8D2620FF856200640AB1 /* wikiGameUITests.xctest */;
			productType = "com.apple.product-type.bundle.ui-testing";
		};
/* End PBXNativeTarget section */

/* Begin PBXProject section */
		FC1E8CFF20FF856100640AB1 /* Project object */ = {
			isa = PBXProject;
			attributes = {
				LastSwiftUpdateCheck = 0940;
				LastUpgradeCheck = 0940;
				ORGANIZATIONNAME = "Abhishek Sharma";
				TargetAttributes = {
					FC1E8D0620FF856100640AB1 = {
						CreatedOnToolsVersion = 9.4.1;
					};
					FC1E8D1A20FF856200640AB1 = {
						CreatedOnToolsVersion = 9.4.1;
						TestTargetID = FC1E8D0620FF856100640AB1;
					};
					FC1E8D2520FF856200640AB1 = {
						CreatedOnToolsVersion = 9.4.1;
						TestTargetID = FC1E8D0620FF856100640AB1;
					};
				};
			};
			buildConfigurationList = FC1E8D0220FF856100640AB1 /* Build configuration list for PBXProject "wikiGame" */;
			compatibilityVersion = "Xcode 9.3";
			developmentRegion = en;
			hasScannedForEncodings = 0;
			knownRegions = (
				en,
				Base,
			);
			mainGroup = FC1E8CFE20FF856100640AB1;
			productRefGroup = FC1E8D0820FF856100640AB1 /* Products */;
			projectDirPath = "";
			projectReferences = (
				{
					ProductGroup = FC1E8D3920FF86DE00640AB1 /* Products */;
					ProjectRef = FC1E8D3820FF86DE00640AB1 /* WikipediaKit.xcodeproj */;
				},
			);
			projectRoot = "";
			targets = (
				FC1E8D0620FF856100640AB1 /* wikiGame */,
				FC1E8D1A20FF856200640AB1 /* wikiGameTests */,
				FC1E8D2520FF856200640AB1 /* wikiGameUITests */,
			);
		};
/* End PBXProject section */

/* Begin PBXReferenceProxy section */
		FC1E8D4320FF86DE00640AB1 /* WikipediaKit.framework */ = {
			isa = PBXReferenceProxy;
			fileType = wrapper.framework;
			path = WikipediaKit.framework;
			remoteRef = FC1E8D4220FF86DE00640AB1 /* PBXContainerItemProxy */;
			sourceTree = BUILT_PRODUCTS_DIR;
		};
		FC1E8D4920FF86DE00640AB1 /* WikipediaKitTests.xctest */ = {
			isa = PBXReferenceProxy;
			fileType = wrapper.cfbundle;
			path = WikipediaKitTests.xctest;
			remoteRef = FC1E8D4820FF86DE00640AB1 /* PBXContainerItemProxy */;
			sourceTree = BUILT_PRODUCTS_DIR;
		};
/* End PBXReferenceProxy section */

/* Begin PBXResourcesBuildPhase section */
		FC1E8D0520FF856100640AB1 /* Resources */ = {
			isa = PBXResourcesBuildPhase;
			buildActionMask = 2147483647;
			files = (
				FC1E8D1520FF856200640AB1 /* LaunchScreen.storyboard in Resources */,
				FC1E8D1220FF856200640AB1 /* Assets.xcassets in Resources */,
				FC1E8D1020FF856100640AB1 /* Main.storyboard in Resources */,
			);
			runOnlyForDeploymentPostprocessing = 0;
		};
		FC1E8D1920FF856200640AB1 /* Resources */ = {
			isa = PBXResourcesBuildPhase;
			buildActionMask = 2147483647;
			files = (
			);
			runOnlyForDeploymentPostprocessing = 0;
		};
		FC1E8D2420FF856200640AB1 /* Resources */ = {
			isa = PBXResourcesBuildPhase;
			buildActionMask = 2147483647;
			files = (
			);
			runOnlyForDeploymentPostprocessing = 0;
		};
/* End PBXResourcesBuildPhase section */

/* Begin PBXShellScriptBuildPhase section */
		083AC6624497D0F51B5A9712 /* [CP] Embed Pods Frameworks */ = {
			isa = PBXShellScriptBuildPhase;
			buildActionMask = 2147483647;
			files = (
			);
			inputPaths = (
				"${SRCROOT}/Pods/Target Support Files/Pods-wikiGame/Pods-wikiGame-frameworks.sh",
				"${BUILT_PRODUCTS_DIR}/SwiftSoup/SwiftSoup.framework",
			);
			name = "[CP] Embed Pods Frameworks";
			outputPaths = (
				"${TARGET_BUILD_DIR}/${FRAMEWORKS_FOLDER_PATH}/SwiftSoup.framework",
			);
			runOnlyForDeploymentPostprocessing = 0;
			shellPath = /bin/sh;
			shellScript = "\"${SRCROOT}/Pods/Target Support Files/Pods-wikiGame/Pods-wikiGame-frameworks.sh\"\n";
			showEnvVarsInLog = 0;
		};
		18AB7925E4244245AD2AC1E9 /* [CP] Check Pods Manifest.lock */ = {
			isa = PBXShellScriptBuildPhase;
			buildActionMask = 2147483647;
			files = (
			);
			inputPaths = (
				"${PODS_PODFILE_DIR_PATH}/Podfile.lock",
				"${PODS_ROOT}/Manifest.lock",
			);
			name = "[CP] Check Pods Manifest.lock";
			outputPaths = (
				"$(DERIVED_FILE_DIR)/Pods-wikiGameUITests-checkManifestLockResult.txt",
			);
			runOnlyForDeploymentPostprocessing = 0;
			shellPath = /bin/sh;
			shellScript = "diff \"${PODS_PODFILE_DIR_PATH}/Podfile.lock\" \"${PODS_ROOT}/Manifest.lock\" > /dev/null\nif [ $? != 0 ] ; then\n    # print error to STDERR\n    echo \"error: The sandbox is not in sync with the Podfile.lock. Run 'pod install' or update your CocoaPods installation.\" >&2\n    exit 1\nfi\n# This output is used by Xcode 'outputs' to avoid re-running this script phase.\necho \"SUCCESS\" > \"${SCRIPT_OUTPUT_FILE_0}\"\n";
			showEnvVarsInLog = 0;
		};
		2059E814A7E61CDC5F5E1917 /* [CP] Check Pods Manifest.lock */ = {
			isa = PBXShellScriptBuildPhase;
			buildActionMask = 2147483647;
			files = (
			);
			inputPaths = (
				"${PODS_PODFILE_DIR_PATH}/Podfile.lock",
				"${PODS_ROOT}/Manifest.lock",
			);
			name = "[CP] Check Pods Manifest.lock";
			outputPaths = (
				"$(DERIVED_FILE_DIR)/Pods-wikiGame-checkManifestLockResult.txt",
			);
			runOnlyForDeploymentPostprocessing = 0;
			shellPath = /bin/sh;
			shellScript = "diff \"${PODS_PODFILE_DIR_PATH}/Podfile.lock\" \"${PODS_ROOT}/Manifest.lock\" > /dev/null\nif [ $? != 0 ] ; then\n    # print error to STDERR\n    echo \"error: The sandbox is not in sync with the Podfile.lock. Run 'pod install' or update your CocoaPods installation.\" >&2\n    exit 1\nfi\n# This output is used by Xcode 'outputs' to avoid re-running this script phase.\necho \"SUCCESS\" > \"${SCRIPT_OUTPUT_FILE_0}\"\n";
			showEnvVarsInLog = 0;
		};
		E1A4E68E33533A1A6BCB215F /* [CP] Check Pods Manifest.lock */ = {
			isa = PBXShellScriptBuildPhase;
			buildActionMask = 2147483647;
			files = (
			);
			inputPaths = (
				"${PODS_PODFILE_DIR_PATH}/Podfile.lock",
				"${PODS_ROOT}/Manifest.lock",
			);
			name = "[CP] Check Pods Manifest.lock";
			outputPaths = (
				"$(DERIVED_FILE_DIR)/Pods-wikiGameTests-checkManifestLockResult.txt",
			);
			runOnlyForDeploymentPostprocessing = 0;
			shellPath = /bin/sh;
			shellScript = "diff \"${PODS_PODFILE_DIR_PATH}/Podfile.lock\" \"${PODS_ROOT}/Manifest.lock\" > /dev/null\nif [ $? != 0 ] ; then\n    # print error to STDERR\n    echo \"error: The sandbox is not in sync with the Podfile.lock. Run 'pod install' or update your CocoaPods installation.\" >&2\n    exit 1\nfi\n# This output is used by Xcode 'outputs' to avoid re-running this script phase.\necho \"SUCCESS\" > \"${SCRIPT_OUTPUT_FILE_0}\"\n";
			showEnvVarsInLog = 0;
		};
/* End PBXShellScriptBuildPhase section */

/* Begin PBXSourcesBuildPhase section */
		FC1E8D0320FF856100640AB1 /* Sources */ = {
			isa = PBXSourcesBuildPhase;
			buildActionMask = 2147483647;
			files = (
				FC1E8D0D20FF856100640AB1 /* ViewController.swift in Sources */,
				FC1E8D0B20FF856100640AB1 /* AppDelegate.swift in Sources */,
				FC1F87742102542C007739C4 /* Constants.swift in Sources */,
			);
			runOnlyForDeploymentPostprocessing = 0;
		};
		FC1E8D1720FF856200640AB1 /* Sources */ = {
			isa = PBXSourcesBuildPhase;
			buildActionMask = 2147483647;
			files = (
				FC1E8D2020FF856200640AB1 /* wikiGameTests.swift in Sources */,
			);
			runOnlyForDeploymentPostprocessing = 0;
		};
		FC1E8D2220FF856200640AB1 /* Sources */ = {
			isa = PBXSourcesBuildPhase;
			buildActionMask = 2147483647;
			files = (
				FC1E8D2B20FF856200640AB1 /* wikiGameUITests.swift in Sources */,
			);
			runOnlyForDeploymentPostprocessing = 0;
		};
/* End PBXSourcesBuildPhase section */

/* Begin PBXTargetDependency section */
		FC1E8D1D20FF856200640AB1 /* PBXTargetDependency */ = {
			isa = PBXTargetDependency;
			target = FC1E8D0620FF856100640AB1 /* wikiGame */;
			targetProxy = FC1E8D1C20FF856200640AB1 /* PBXContainerItemProxy */;
		};
		FC1E8D2820FF856200640AB1 /* PBXTargetDependency */ = {
			isa = PBXTargetDependency;
			target = FC1E8D0620FF856100640AB1 /* wikiGame */;
			targetProxy = FC1E8D2720FF856200640AB1 /* PBXContainerItemProxy */;
		};
/* End PBXTargetDependency section */

/* Begin PBXVariantGroup section */
		FC1E8D0E20FF856100640AB1 /* Main.storyboard */ = {
			isa = PBXVariantGroup;
			children = (
				FC1E8D0F20FF856100640AB1 /* Base */,
			);
			name = Main.storyboard;
			sourceTree = "<group>";
		};
		FC1E8D1320FF856200640AB1 /* LaunchScreen.storyboard */ = {
			isa = PBXVariantGroup;
			children = (
				FC1E8D1420FF856200640AB1 /* Base */,
			);
			name = LaunchScreen.storyboard;
			sourceTree = "<group>";
		};
/* End PBXVariantGroup section */

/* Begin XCBuildConfiguration section */
		FC1E8D2D20FF856200640AB1 /* Debug */ = {
			isa = XCBuildConfiguration;
			buildSettings = {
				ALWAYS_SEARCH_USER_PATHS = NO;
				CLANG_ANALYZER_NONNULL = YES;
				CLANG_ANALYZER_NUMBER_OBJECT_CONVERSION = YES_AGGRESSIVE;
				CLANG_CXX_LANGUAGE_STANDARD = "gnu++14";
				CLANG_CXX_LIBRARY = "libc++";
				CLANG_ENABLE_MODULES = YES;
				CLANG_ENABLE_OBJC_ARC = YES;
				CLANG_ENABLE_OBJC_WEAK = YES;
				CLANG_WARN_BLOCK_CAPTURE_AUTORELEASING = YES;
				CLANG_WARN_BOOL_CONVERSION = YES;
				CLANG_WARN_COMMA = YES;
				CLANG_WARN_CONSTANT_CONVERSION = YES;
				CLANG_WARN_DEPRECATED_OBJC_IMPLEMENTATIONS = YES;
				CLANG_WARN_DIRECT_OBJC_ISA_USAGE = YES_ERROR;
				CLANG_WARN_DOCUMENTATION_COMMENTS = YES;
				CLANG_WARN_EMPTY_BODY = YES;
				CLANG_WARN_ENUM_CONVERSION = YES;
				CLANG_WARN_INFINITE_RECURSION = YES;
				CLANG_WARN_INT_CONVERSION = YES;
				CLANG_WARN_NON_LITERAL_NULL_CONVERSION = YES;
				CLANG_WARN_OBJC_IMPLICIT_RETAIN_SELF = YES;
				CLANG_WARN_OBJC_LITERAL_CONVERSION = YES;
				CLANG_WARN_OBJC_ROOT_CLASS = YES_ERROR;
				CLANG_WARN_RANGE_LOOP_ANALYSIS = YES;
				CLANG_WARN_STRICT_PROTOTYPES = YES;
				CLANG_WARN_SUSPICIOUS_MOVE = YES;
				CLANG_WARN_UNGUARDED_AVAILABILITY = YES_AGGRESSIVE;
				CLANG_WARN_UNREACHABLE_CODE = YES;
				CLANG_WARN__DUPLICATE_METHOD_MATCH = YES;
				CODE_SIGN_IDENTITY = "iPhone Developer";
				COPY_PHASE_STRIP = NO;
				DEBUG_INFORMATION_FORMAT = dwarf;
				ENABLE_STRICT_OBJC_MSGSEND = YES;
				ENABLE_TESTABILITY = YES;
				GCC_C_LANGUAGE_STANDARD = gnu11;
				GCC_DYNAMIC_NO_PIC = NO;
				GCC_NO_COMMON_BLOCKS = YES;
				GCC_OPTIMIZATION_LEVEL = 0;
				GCC_PREPROCESSOR_DEFINITIONS = (
					"DEBUG=1",
					"$(inherited)",
				);
				GCC_WARN_64_TO_32_BIT_CONVERSION = YES;
				GCC_WARN_ABOUT_RETURN_TYPE = YES_ERROR;
				GCC_WARN_UNDECLARED_SELECTOR = YES;
				GCC_WARN_UNINITIALIZED_AUTOS = YES_AGGRESSIVE;
				GCC_WARN_UNUSED_FUNCTION = YES;
				GCC_WARN_UNUSED_VARIABLE = YES;
				IPHONEOS_DEPLOYMENT_TARGET = 11.4;
				MTL_ENABLE_DEBUG_INFO = YES;
				ONLY_ACTIVE_ARCH = YES;
				SDKROOT = iphoneos;
				SWIFT_ACTIVE_COMPILATION_CONDITIONS = DEBUG;
				SWIFT_OPTIMIZATION_LEVEL = "-Onone";
			};
			name = Debug;
		};
		FC1E8D2E20FF856200640AB1 /* Release */ = {
			isa = XCBuildConfiguration;
			buildSettings = {
				ALWAYS_SEARCH_USER_PATHS = NO;
				CLANG_ANALYZER_NONNULL = YES;
				CLANG_ANALYZER_NUMBER_OBJECT_CONVERSION = YES_AGGRESSIVE;
				CLANG_CXX_LANGUAGE_STANDARD = "gnu++14";
				CLANG_CXX_LIBRARY = "libc++";
				CLANG_ENABLE_MODULES = YES;
				CLANG_ENABLE_OBJC_ARC = YES;
				CLANG_ENABLE_OBJC_WEAK = YES;
				CLANG_WARN_BLOCK_CAPTURE_AUTORELEASING = YES;
				CLANG_WARN_BOOL_CONVERSION = YES;
				CLANG_WARN_COMMA = YES;
				CLANG_WARN_CONSTANT_CONVERSION = YES;
				CLANG_WARN_DEPRECATED_OBJC_IMPLEMENTATIONS = YES;
				CLANG_WARN_DIRECT_OBJC_ISA_USAGE = YES_ERROR;
				CLANG_WARN_DOCUMENTATION_COMMENTS = YES;
				CLANG_WARN_EMPTY_BODY = YES;
				CLANG_WARN_ENUM_CONVERSION = YES;
				CLANG_WARN_INFINITE_RECURSION = YES;
				CLANG_WARN_INT_CONVERSION = YES;
				CLANG_WARN_NON_LITERAL_NULL_CONVERSION = YES;
				CLANG_WARN_OBJC_IMPLICIT_RETAIN_SELF = YES;
				CLANG_WARN_OBJC_LITERAL_CONVERSION = YES;
				CLANG_WARN_OBJC_ROOT_CLASS = YES_ERROR;
				CLANG_WARN_RANGE_LOOP_ANALYSIS = YES;
				CLANG_WARN_STRICT_PROTOTYPES = YES;
				CLANG_WARN_SUSPICIOUS_MOVE = YES;
				CLANG_WARN_UNGUARDED_AVAILABILITY = YES_AGGRESSIVE;
				CLANG_WARN_UNREACHABLE_CODE = YES;
				CLANG_WARN__DUPLICATE_METHOD_MATCH = YES;
				CODE_SIGN_IDENTITY = "iPhone Developer";
				COPY_PHASE_STRIP = NO;
				DEBUG_INFORMATION_FORMAT = "dwarf-with-dsym";
				ENABLE_NS_ASSERTIONS = NO;
				ENABLE_STRICT_OBJC_MSGSEND = YES;
				GCC_C_LANGUAGE_STANDARD = gnu11;
				GCC_NO_COMMON_BLOCKS = YES;
				GCC_WARN_64_TO_32_BIT_CONVERSION = YES;
				GCC_WARN_ABOUT_RETURN_TYPE = YES_ERROR;
				GCC_WARN_UNDECLARED_SELECTOR = YES;
				GCC_WARN_UNINITIALIZED_AUTOS = YES_AGGRESSIVE;
				GCC_WARN_UNUSED_FUNCTION = YES;
				GCC_WARN_UNUSED_VARIABLE = YES;
				IPHONEOS_DEPLOYMENT_TARGET = 11.4;
				MTL_ENABLE_DEBUG_INFO = NO;
				SDKROOT = iphoneos;
				SWIFT_COMPILATION_MODE = wholemodule;
				SWIFT_OPTIMIZATION_LEVEL = "-O";
				VALIDATE_PRODUCT = YES;
			};
			name = Release;
		};
		FC1E8D3020FF856200640AB1 /* Debug */ = {
			isa = XCBuildConfiguration;
			baseConfigurationReference = 6E1E22737026F79F08319084 /* Pods-wikiGame.debug.xcconfig */;
			buildSettings = {
				ASSETCATALOG_COMPILER_APPICON_NAME = AppIcon;
				CODE_SIGN_STYLE = Automatic;
				INFOPLIST_FILE = wikiGame/Info.plist;
				LD_RUNPATH_SEARCH_PATHS = "$(inherited) @executable_path/Frameworks";
				PRODUCT_BUNDLE_IDENTIFIER = com.test.wikiGame;
				PRODUCT_NAME = "$(TARGET_NAME)";
				SWIFT_VERSION = 4.0;
				TARGETED_DEVICE_FAMILY = "1,2";
			};
			name = Debug;
		};
		FC1E8D3120FF856200640AB1 /* Release */ = {
			isa = XCBuildConfiguration;
			baseConfigurationReference = 5BA7694F20FABA9AF38D3269 /* Pods-wikiGame.release.xcconfig */;
			buildSettings = {
				ASSETCATALOG_COMPILER_APPICON_NAME = AppIcon;
				CODE_SIGN_STYLE = Automatic;
				INFOPLIST_FILE = wikiGame/Info.plist;
				LD_RUNPATH_SEARCH_PATHS = "$(inherited) @executable_path/Frameworks";
				PRODUCT_BUNDLE_IDENTIFIER = com.test.wikiGame;
				PRODUCT_NAME = "$(TARGET_NAME)";
				SWIFT_VERSION = 4.0;
				TARGETED_DEVICE_FAMILY = "1,2";
			};
			name = Release;
		};
		FC1E8D3320FF856200640AB1 /* Debug */ = {
			isa = XCBuildConfiguration;
			baseConfigurationReference = 0C35E1D50F53FE52CDFE3075 /* Pods-wikiGameTests.debug.xcconfig */;
			buildSettings = {
				ALWAYS_EMBED_SWIFT_STANDARD_LIBRARIES = YES;
				BUNDLE_LOADER = "$(TEST_HOST)";
				CODE_SIGN_STYLE = Automatic;
				INFOPLIST_FILE = wikiGameTests/Info.plist;
				LD_RUNPATH_SEARCH_PATHS = "$(inherited) @executable_path/Frameworks @loader_path/Frameworks";
				PRODUCT_BUNDLE_IDENTIFIER = com.test.wikiGameTests;
				PRODUCT_NAME = "$(TARGET_NAME)";
				SWIFT_VERSION = 4.0;
				TARGETED_DEVICE_FAMILY = "1,2";
				TEST_HOST = "$(BUILT_PRODUCTS_DIR)/wikiGame.app/wikiGame";
			};
			name = Debug;
		};
		FC1E8D3420FF856200640AB1 /* Release */ = {
			isa = XCBuildConfiguration;
			baseConfigurationReference = 08FF0C916A1C37BFFCAC6DAA /* Pods-wikiGameTests.release.xcconfig */;
			buildSettings = {
				ALWAYS_EMBED_SWIFT_STANDARD_LIBRARIES = YES;
				BUNDLE_LOADER = "$(TEST_HOST)";
				CODE_SIGN_STYLE = Automatic;
				INFOPLIST_FILE = wikiGameTests/Info.plist;
				LD_RUNPATH_SEARCH_PATHS = "$(inherited) @executable_path/Frameworks @loader_path/Frameworks";
				PRODUCT_BUNDLE_IDENTIFIER = com.test.wikiGameTests;
				PRODUCT_NAME = "$(TARGET_NAME)";
				SWIFT_VERSION = 4.0;
				TARGETED_DEVICE_FAMILY = "1,2";
				TEST_HOST = "$(BUILT_PRODUCTS_DIR)/wikiGame.app/wikiGame";
			};
			name = Release;
		};
		FC1E8D3620FF856200640AB1 /* Debug */ = {
			isa = XCBuildConfiguration;
			baseConfigurationReference = E58EE92C276AA6A315AFA2FE /* Pods-wikiGameUITests.debug.xcconfig */;
			buildSettings = {
				ALWAYS_EMBED_SWIFT_STANDARD_LIBRARIES = YES;
				CODE_SIGN_STYLE = Automatic;
				INFOPLIST_FILE = wikiGameUITests/Info.plist;
				LD_RUNPATH_SEARCH_PATHS = "$(inherited) @executable_path/Frameworks @loader_path/Frameworks";
				PRODUCT_BUNDLE_IDENTIFIER = com.test.wikiGameUITests;
				PRODUCT_NAME = "$(TARGET_NAME)";
				SWIFT_VERSION = 4.0;
				TARGETED_DEVICE_FAMILY = "1,2";
				TEST_TARGET_NAME = wikiGame;
			};
			name = Debug;
		};
		FC1E8D3720FF856200640AB1 /* Release */ = {
			isa = XCBuildConfiguration;
			baseConfigurationReference = D325682B821FAB4B50B02F21 /* Pods-wikiGameUITests.release.xcconfig */;
			buildSettings = {
				ALWAYS_EMBED_SWIFT_STANDARD_LIBRARIES = YES;
				CODE_SIGN_STYLE = Automatic;
				INFOPLIST_FILE = wikiGameUITests/Info.plist;
				LD_RUNPATH_SEARCH_PATHS = "$(inherited) @executable_path/Frameworks @loader_path/Frameworks";
				PRODUCT_BUNDLE_IDENTIFIER = com.test.wikiGameUITests;
				PRODUCT_NAME = "$(TARGET_NAME)";
				SWIFT_VERSION = 4.0;
				TARGETED_DEVICE_FAMILY = "1,2";
				TEST_TARGET_NAME = wikiGame;
			};
			name = Release;
		};
/* End XCBuildConfiguration section */

/* Begin XCConfigurationList section */
		FC1E8D0220FF856100640AB1 /* Build configuration list for PBXProject "wikiGame" */ = {
			isa = XCConfigurationList;
			buildConfigurations = (
				FC1E8D2D20FF856200640AB1 /* Debug */,
				FC1E8D2E20FF856200640AB1 /* Release */,
			);
			defaultConfigurationIsVisible = 0;
			defaultConfigurationName = Release;
		};
		FC1E8D2F20FF856200640AB1 /* Build configuration list for PBXNativeTarget "wikiGame" */ = {
			isa = XCConfigurationList;
			buildConfigurations = (
				FC1E8D3020FF856200640AB1 /* Debug */,
				FC1E8D3120FF856200640AB1 /* Release */,
			);
			defaultConfigurationIsVisible = 0;
			defaultConfigurationName = Release;
		};
		FC1E8D3220FF856200640AB1 /* Build configuration list for PBXNativeTarget "wikiGameTests" */ = {
			isa = XCConfigurationList;
			buildConfigurations = (
				FC1E8D3320FF856200640AB1 /* Debug */,
				FC1E8D3420FF856200640AB1 /* Release */,
			);
			defaultConfigurationIsVisible = 0;
			defaultConfigurationName = Release;
		};
		FC1E8D3520FF856200640AB1 /* Build configuration list for PBXNativeTarget "wikiGameUITests" */ = {
			isa = XCConfigurationList;
			buildConfigurations = (
				FC1E8D3620FF856200640AB1 /* Debug */,
				FC1E8D3720FF856200640AB1 /* Release */,
			);
			defaultConfigurationIsVisible = 0;
			defaultConfigurationName = Release;
		};
/* End XCConfigurationList section */
	};
	rootObject = FC1E8CFF20FF856100640AB1 /* Project object */;
}
